
Microsoft Visual Studio Solution File, Format Version 12.00
# Visual Studio Version 17
VisualStudioVersion = 17.13.35919.96 d17.13
MinimumVisualStudioVersion = 10.0.40219.1
Project("{FAE04EC0-301F-11D3-BF4B-00C04F79EFBC}") = "EOWMod", "EOWMod.csproj", "{67FAA53D-9E11-493B-9C8A-89103ABFE9AB}"
EndProject
Global
	GlobalSection(SolutionConfigurationPlatforms) = preSolution
		Debug|Any CPU = Debug|Any CPU
		Release|Any CPU = Release|Any CPU
	EndGlobalSection
	GlobalSection(ProjectConfigurationPlatforms) = postSolution
		{67FAA53D-9E11-493B-9C8A-89103ABFE9AB}.Debug|Any CPU.ActiveCfg = Debug|Any CPU
		{67FAA53D-9E11-493B-9C8A-89103ABFE9AB}.Debug|Any CPU.Build.0 = Debug|Any CPU
		{67FAA53D-9E11-493B-9C8A-89103ABFE9AB}.Release|Any CPU.ActiveCfg = Release|Any CPU
		{67FAA53D-9E11-493B-9C8A-89103ABFE9AB}.Release|Any CPU.Build.0 = Release|Any CPU
	EndGlobalSection
	GlobalSection(SolutionProperties) = preSolution
		HideSolutionNode = FALSE
	EndGlobalSection
	GlobalSection(ExtensibilityGlobals) = postSolution
		SolutionGuid = {0EE3BCAB-737B-4D0B-AAA0-731DA1395CC1}
	EndGlobalSection
EndGlobal
